
Microsoft Visual Studio Solution File, Format Version 12.00
Project("{FAE04EC0-301F-11D3-BF4B-00C04F79EFBC}") = "ScientificActivities.Data", "ScientificActivities.Data\ScientificActivities.Data.csproj", "{46DD6F0F-7B86-43D0-B3CC-13264650A12E}"
EndProject
Project("{FAE04EC0-301F-11D3-BF4B-00C04F79EFBC}") = "ScientificActivities.Repository", "ScientificActivities.Repository\ScientificActivities.Repository.csproj", "{45BA7D60-3D0D-4789-A0C4-CC3A0D4EAB62}"
EndProject
Project("{FAE04EC0-301F-11D3-BF4B-00C04F79EFBC}") = "ScientificActivities.Services", "ScientificActivities.Services\ScientificActivities.Services.csproj", "{5931703F-0E31-4575-A1C8-BDC8A07768F0}"
EndProject
Global
	GlobalSection(SolutionConfigurationPlatforms) = preSolution
		Debug|Any CPU = Debug|Any CPU
		Release|Any CPU = Release|Any CPU
	EndGlobalSection
	GlobalSection(ProjectConfigurationPlatforms) = postSolution
		{46DD6F0F-7B86-43D0-B3CC-13264650A12E}.Debug|Any CPU.ActiveCfg = Debug|Any CPU
		{46DD6F0F-7B86-43D0-B3CC-13264650A12E}.Debug|Any CPU.Build.0 = Debug|Any CPU
		{46DD6F0F-7B86-43D0-B3CC-13264650A12E}.Release|Any CPU.ActiveCfg = Release|Any CPU
		{46DD6F0F-7B86-43D0-B3CC-13264650A12E}.Release|Any CPU.Build.0 = Release|Any CPU
		{45BA7D60-3D0D-4789-A0C4-CC3A0D4EAB62}.Debug|Any CPU.ActiveCfg = Debug|Any CPU
		{45BA7D60-3D0D-4789-A0C4-CC3A0D4EAB62}.Debug|Any CPU.Build.0 = Debug|Any CPU
		{45BA7D60-3D0D-4789-A0C4-CC3A0D4EAB62}.Release|Any CPU.ActiveCfg = Release|Any CPU
		{45BA7D60-3D0D-4789-A0C4-CC3A0D4EAB62}.Release|Any CPU.Build.0 = Release|Any CPU
		{5931703F-0E31-4575-A1C8-BDC8A07768F0}.Debug|Any CPU.ActiveCfg = Debug|Any CPU
		{5931703F-0E31-4575-A1C8-BDC8A07768F0}.Debug|Any CPU.Build.0 = Debug|Any CPU
		{5931703F-0E31-4575-A1C8-BDC8A07768F0}.Release|Any CPU.ActiveCfg = Release|Any CPU
		{5931703F-0E31-4575-A1C8-BDC8A07768F0}.Release|Any CPU.Build.0 = Release|Any CPU
	EndGlobalSection
EndGlobal
